// !$*UTF8*$!
{
	archiveVersion = 1;
	classes = {
	};
	objectVersion = 50;
	objects = {

/* Begin PBXBuildFile section */
		A81610E9225306CF00F68869 /* BinaryTreeLevelOrderTraversal.swift in Sources */ = {isa = PBXBuildFile; fileRef = A81610E8225306CF00F68869 /* BinaryTreeLevelOrderTraversal.swift */; };
		A82170B5224CCC2D00202764 /* MaximumDepthOfBinaryTree.swift in Sources */ = {isa = PBXBuildFile; fileRef = A82170B4224CCC2D00202764 /* MaximumDepthOfBinaryTree.swift */; };
		A823A201223B40BD00B67A08 /* RomanToInteger.swift in Sources */ = {isa = PBXBuildFile; fileRef = A823A200223B40BD00B67A08 /* RomanToInteger.swift */; };
		A823A2C0223CC5CB00B67A08 /* LongestCommonPrefix.swift in Sources */ = {isa = PBXBuildFile; fileRef = A823A2BF223CC5CB00B67A08 /* LongestCommonPrefix.swift */; };
		A823A2C3223F321700B67A08 /* MergeTwoSortedLists.swift in Sources */ = {isa = PBXBuildFile; fileRef = A823A2C2223F321700B67A08 /* MergeTwoSortedLists.swift */; };
		A82738162251AB4B00518882 /* ClimbingStairs.swift in Sources */ = {isa = PBXBuildFile; fileRef = A82738152251AB4B00518882 /* ClimbingStairs.swift */; };
		A833490522462E7600A59A2A /* RemoveDuplicatesFromSortedList.swift in Sources */ = {isa = PBXBuildFile; fileRef = A833490422462E7600A59A2A /* RemoveDuplicatesFromSortedList.swift */; };
		A83349082247107500A59A2A /* MergeSortedArray.swift in Sources */ = {isa = PBXBuildFile; fileRef = A83349072247107500A59A2A /* MergeSortedArray.swift */; };
		A833491B2249D39B00A59A2A /* SameTree.swift in Sources */ = {isa = PBXBuildFile; fileRef = A833491A2249D39B00A59A2A /* SameTree.swift */; };
		A833491F224B188400A59A2A /* Sort.swift in Sources */ = {isa = PBXBuildFile; fileRef = A833491E224B188400A59A2A /* Sort.swift */; };
		A8334921224B7D7200A59A2A /* SymmetricTree.swift in Sources */ = {isa = PBXBuildFile; fileRef = A8334920224B7D7200A59A2A /* SymmetricTree.swift */; };
		A881CD3A2241D61E00A3225B /* ImplementStrStr.swift in Sources */ = {isa = PBXBuildFile; fileRef = A881CD392241D61E00A3225B /* ImplementStrStr.swift */; };
		A88C600E22429549006D1E4F /* SearchInsertPosition.swift in Sources */ = {isa = PBXBuildFile; fileRef = A88C600D22429549006D1E4F /* SearchInsertPosition.swift */; };
		A88C601522439687006D1E4F /*  LengthofLastWord.swift in Sources */ = {isa = PBXBuildFile; fileRef = A88C601422439687006D1E4F /*  LengthofLastWord.swift */; };
		A895E93A22545FF500920620 /* LinkedListCycle.swift in Sources */ = {isa = PBXBuildFile; fileRef = A895E93922545FF500920620 /* LinkedListCycle.swift */; };
		A89D07DA224082160094EFA3 /* RemoveElement.swift in Sources */ = {isa = PBXBuildFile; fileRef = A89D07D9224082160094EFA3 /* RemoveElement.swift */; };
		A8A2152B2237509900C02BC5 /* main.swift in Sources */ = {isa = PBXBuildFile; fileRef = A8A2152A2237509900C02BC5 /* main.swift */; };
		A8A215332237522100C02BC5 /* TwoSum.swift in Sources */ = {isa = PBXBuildFile; fileRef = A8A215322237522100C02BC5 /* TwoSum.swift */; };
		A8BEA7572239EADA00E2F990 /* PalindromeNumber.swift in Sources */ = {isa = PBXBuildFile; fileRef = A8BEA7562239EADA00E2F990 /* PalindromeNumber.swift */; };
		A8C0E0BB22389BBF00C0FE87 /* ReverseInteger.swift in Sources */ = {isa = PBXBuildFile; fileRef = A8C0E0BA22389BBF00C0FE87 /* ReverseInteger.swift */; };
		B2C19C76223DEBF500074B15 /* ValidParentheses.swift in Sources */ = {isa = PBXBuildFile; fileRef = B2C19C75223DEBF500074B15 /* ValidParentheses.swift */; };
/* End PBXBuildFile section */

/* Begin PBXCopyFilesBuildPhase section */
		A8A215252237509900C02BC5 /* CopyFiles */ = {
			isa = PBXCopyFilesBuildPhase;
			buildActionMask = 2147483647;
			dstPath = /usr/share/man/man1/;
			dstSubfolderSpec = 0;
			files = (
			);
			runOnlyForDeploymentPostprocessing = 1;
		};
/* End PBXCopyFilesBuildPhase section */

/* Begin PBXFileReference section */
		A81610E8225306CF00F68869 /* BinaryTreeLevelOrderTraversal.swift */ = {isa = PBXFileReference; lastKnownFileType = sourcecode.swift; path = BinaryTreeLevelOrderTraversal.swift; sourceTree = "<group>"; };
		A82170B4224CCC2D00202764 /* MaximumDepthOfBinaryTree.swift */ = {isa = PBXFileReference; lastKnownFileType = sourcecode.swift; path = MaximumDepthOfBinaryTree.swift; sourceTree = "<group>"; };
		A823A200223B40BD00B67A08 /* RomanToInteger.swift */ = {isa = PBXFileReference; lastKnownFileType = sourcecode.swift; path = RomanToInteger.swift; sourceTree = "<group>"; };
		A823A2BF223CC5CB00B67A08 /* LongestCommonPrefix.swift */ = {isa = PBXFileReference; lastKnownFileType = sourcecode.swift; path = LongestCommonPrefix.swift; sourceTree = "<group>"; };
		A823A2C2223F321700B67A08 /* MergeTwoSortedLists.swift */ = {isa = PBXFileReference; lastKnownFileType = sourcecode.swift; path = MergeTwoSortedLists.swift; sourceTree = "<group>"; };
		A82738152251AB4B00518882 /* ClimbingStairs.swift */ = {isa = PBXFileReference; lastKnownFileType = sourcecode.swift; path = ClimbingStairs.swift; sourceTree = "<group>"; };
		A833490422462E7600A59A2A /* RemoveDuplicatesFromSortedList.swift */ = {isa = PBXFileReference; lastKnownFileType = sourcecode.swift; path = RemoveDuplicatesFromSortedList.swift; sourceTree = "<group>"; };
		A83349072247107500A59A2A /* MergeSortedArray.swift */ = {isa = PBXFileReference; lastKnownFileType = sourcecode.swift; path = MergeSortedArray.swift; sourceTree = "<group>"; };
		A833491A2249D39B00A59A2A /* SameTree.swift */ = {isa = PBXFileReference; lastKnownFileType = sourcecode.swift; path = SameTree.swift; sourceTree = "<group>"; };
		A833491E224B188400A59A2A /* Sort.swift */ = {isa = PBXFileReference; lastKnownFileType = sourcecode.swift; path = Sort.swift; sourceTree = "<group>"; };
		A8334920224B7D7200A59A2A /* SymmetricTree.swift */ = {isa = PBXFileReference; lastKnownFileType = sourcecode.swift; path = SymmetricTree.swift; sourceTree = "<group>"; };
		A881CD392241D61E00A3225B /* ImplementStrStr.swift */ = {isa = PBXFileReference; lastKnownFileType = sourcecode.swift; path = ImplementStrStr.swift; sourceTree = "<group>"; };
		A88C600D22429549006D1E4F /* SearchInsertPosition.swift */ = {isa = PBXFileReference; lastKnownFileType = sourcecode.swift; path = SearchInsertPosition.swift; sourceTree = "<group>"; };
		A88C601422439687006D1E4F /*  LengthofLastWord.swift */ = {isa = PBXFileReference; lastKnownFileType = sourcecode.swift; path = " LengthofLastWord.swift"; sourceTree = "<group>"; };
		A895E93922545FF500920620 /* LinkedListCycle.swift */ = {isa = PBXFileReference; lastKnownFileType = sourcecode.swift; path = LinkedListCycle.swift; sourceTree = "<group>"; };
		A89D07D9224082160094EFA3 /* RemoveElement.swift */ = {isa = PBXFileReference; lastKnownFileType = sourcecode.swift; path = RemoveElement.swift; sourceTree = "<group>"; };
		A8A215272237509900C02BC5 /* AlgorithmSwift */ = {isa = PBXFileReference; explicitFileType = "compiled.mach-o.executable"; includeInIndex = 0; path = AlgorithmSwift; sourceTree = BUILT_PRODUCTS_DIR; };
		A8A2152A2237509900C02BC5 /* main.swift */ = {isa = PBXFileReference; lastKnownFileType = sourcecode.swift; path = main.swift; sourceTree = "<group>"; };
		A8A215322237522100C02BC5 /* TwoSum.swift */ = {isa = PBXFileReference; lastKnownFileType = sourcecode.swift; path = TwoSum.swift; sourceTree = "<group>"; };
		A8BEA7562239EADA00E2F990 /* PalindromeNumber.swift */ = {isa = PBXFileReference; lastKnownFileType = sourcecode.swift; path = PalindromeNumber.swift; sourceTree = "<group>"; };
		A8C0E0BA22389BBF00C0FE87 /* ReverseInteger.swift */ = {isa = PBXFileReference; lastKnownFileType = sourcecode.swift; path = ReverseInteger.swift; sourceTree = "<group>"; };
		B2C19C75223DEBF500074B15 /* ValidParentheses.swift */ = {isa = PBXFileReference; lastKnownFileType = sourcecode.swift; path = ValidParentheses.swift; sourceTree = "<group>"; };
/* End PBXFileReference section */

/* Begin PBXFrameworksBuildPhase section */
		A8A215242237509900C02BC5 /* Frameworks */ = {
			isa = PBXFrameworksBuildPhase;
			buildActionMask = 2147483647;
			files = (
			);
			runOnlyForDeploymentPostprocessing = 0;
		};
/* End PBXFrameworksBuildPhase section */

/* Begin PBXGroup section */
		A81610EA22530D4C00F68869 /* 19.Binary Tree Level Order Traversal */ = {
			isa = PBXGroup;
			children = (
				A81610E8225306CF00F68869 /* BinaryTreeLevelOrderTraversal.swift */,
			);
			path = "19.Binary Tree Level Order Traversal";
			sourceTree = "<group>";
		};
		A82170B6224CD4E000202764 /* 17.Maximum Depth of Binary Tree */ = {
			isa = PBXGroup;
			children = (
				A82170B4224CCC2D00202764 /* MaximumDepthOfBinaryTree.swift */,
			);
			path = "17.Maximum Depth of Binary Tree";
			sourceTree = "<group>";
		};
		A823A1FF223B409400B67A08 /* 4.Roman to Integer */ = {
			isa = PBXGroup;
			children = (
				A823A200223B40BD00B67A08 /* RomanToInteger.swift */,
			);
			path = "4.Roman to Integer";
			sourceTree = "<group>";
		};
		A823A2BE223CC5A000B67A08 /* 5. Longest Common Prefix */ = {
			isa = PBXGroup;
			children = (
				A823A2BF223CC5CB00B67A08 /* LongestCommonPrefix.swift */,
			);
			path = "5. Longest Common Prefix";
			sourceTree = "<group>";
		};
		A823A2C1223F31F900B67A08 /* 7. Merge Two Sorted Lists */ = {
			isa = PBXGroup;
			children = (
				A823A2C2223F321700B67A08 /* MergeTwoSortedLists.swift */,
			);
			path = "7. Merge Two Sorted Lists";
			sourceTree = "<group>";
		};
		A82738172251AF6E00518882 /* 18.Climbing Stairs */ = {
			isa = PBXGroup;
			children = (
				A82738152251AB4B00518882 /* ClimbingStairs.swift */,
			);
			path = "18.Climbing Stairs";
			sourceTree = "<group>";
		};
		A83349032245F51400A59A2A /* 12. Remove Duplicates From Sorted List */ = {
			isa = PBXGroup;
			children = (
				A833490422462E7600A59A2A /* RemoveDuplicatesFromSortedList.swift */,
			);
			path = "12. Remove Duplicates From Sorted List";
			sourceTree = "<group>";
		};
		A833490622470FB200A59A2A /* 13. Merge Sorted Array */ = {
			isa = PBXGroup;
			children = (
				A83349072247107500A59A2A /* MergeSortedArray.swift */,
			);
			path = "13. Merge Sorted Array";
			sourceTree = "<group>";
		};
		A833491C2249F8CA00A59A2A /* 14.Same Tree */ = {
			isa = PBXGroup;
			children = (
				A833491A2249D39B00A59A2A /* SameTree.swift */,
			);
			path = "14.Same Tree";
			sourceTree = "<group>";
		};
		A833491D224B186B00A59A2A /* 15.Sort */ = {
			isa = PBXGroup;
			children = (
				A833491E224B188400A59A2A /* Sort.swift */,
			);
			path = 15.Sort;
			sourceTree = "<group>";
		};
		A8334922224B82BC00A59A2A /* 16.Symmetric Tree */ = {
			isa = PBXGroup;
			children = (
				A8334920224B7D7200A59A2A /* SymmetricTree.swift */,
			);
			path = "16.Symmetric Tree";
			sourceTree = "<group>";
		};
		A881CD382241D5F700A3225B /* 9. Implement strStr() */ = {
			isa = PBXGroup;
			children = (
				A881CD392241D61E00A3225B /* ImplementStrStr.swift */,
			);
			path = "9. Implement strStr()";
			sourceTree = "<group>";
		};
		A88C600C22429534006D1E4F /* 10. Search Insert Position */ = {
			isa = PBXGroup;
			children = (
				A88C600D22429549006D1E4F /* SearchInsertPosition.swift */,
			);
			path = "10. Search Insert Position";
			sourceTree = "<group>";
		};
		A88C60132243966D006D1E4F /* 11. Length of Last Word */ = {
			isa = PBXGroup;
			children = (
				A88C601422439687006D1E4F /*  LengthofLastWord.swift */,
			);
			path = "11. Length of Last Word";
			sourceTree = "<group>";
		};
		A895E93822545FDF00920620 /* 20.Linked List Cycle */ = {
			isa = PBXGroup;
			children = (
				A895E93922545FF500920620 /* LinkedListCycle.swift */,
			);
			path = "20.Linked List Cycle";
			sourceTree = "<group>";
		};
		A89D07D7224081CC0094EFA3 /* 8. Remove Element */ = {
			isa = PBXGroup;
			children = (
				A89D07D9224082160094EFA3 /* RemoveElement.swift */,
			);
			path = "8. Remove Element";
			sourceTree = "<group>";
		};
		A8A2151E2237509900C02BC5 = {
			isa = PBXGroup;
			children = (
				A8A215292237509900C02BC5 /* AlgorithmSwift */,
				A8A215282237509900C02BC5 /* Products */,
			);
			sourceTree = "<group>";
		};
		A8A215282237509900C02BC5 /* Products */ = {
			isa = PBXGroup;
			children = (
				A8A215272237509900C02BC5 /* AlgorithmSwift */,
			);
			name = Products;
			sourceTree = "<group>";
		};
		A8A215292237509900C02BC5 /* AlgorithmSwift */ = {
			isa = PBXGroup;
			children = (
				A8A21531223750AB00C02BC5 /* 1. Two Sum */,
				A8C0E0B922389B9900C0FE87 /* 2. Reverse Integer */,
				A8BEA7552239EAB300E2F990 /* 3. Palindrome Number */,
				A823A1FF223B409400B67A08 /* 4.Roman to Integer */,
				A823A2BE223CC5A000B67A08 /* 5. Longest Common Prefix */,
				B2C19C74223DEBDC00074B15 /* 6. Valid Parentheses */,
				A823A2C1223F31F900B67A08 /* 7. Merge Two Sorted Lists */,
				A89D07D7224081CC0094EFA3 /* 8. Remove Element */,
				A881CD382241D5F700A3225B /* 9. Implement strStr() */,
				A88C600C22429534006D1E4F /* 10. Search Insert Position */,
				A88C60132243966D006D1E4F /* 11. Length of Last Word */,
				A83349032245F51400A59A2A /* 12. Remove Duplicates From Sorted List */,
				A833490622470FB200A59A2A /* 13. Merge Sorted Array */,
				A833491C2249F8CA00A59A2A /* 14.Same Tree */,
				A833491D224B186B00A59A2A /* 15.Sort */,
				A8334922224B82BC00A59A2A /* 16.Symmetric Tree */,
				A82170B6224CD4E000202764 /* 17.Maximum Depth of Binary Tree */,
				A82738172251AF6E00518882 /* 18.Climbing Stairs */,
				A81610EA22530D4C00F68869 /* 19.Binary Tree Level Order Traversal */,
				A895E93822545FDF00920620 /* 20.Linked List Cycle */,
				A8A2152A2237509900C02BC5 /* main.swift */,
			);
			path = AlgorithmSwift;
			sourceTree = "<group>";
		};
		A8A21531223750AB00C02BC5 /* 1. Two Sum */ = {
			isa = PBXGroup;
			children = (
				A8A215322237522100C02BC5 /* TwoSum.swift */,
			);
			path = "1. Two Sum";
			sourceTree = "<group>";
		};
		A8BEA7552239EAB300E2F990 /* 3. Palindrome Number */ = {
			isa = PBXGroup;
			children = (
				A8BEA7562239EADA00E2F990 /* PalindromeNumber.swift */,
			);
			path = "3. Palindrome Number";
			sourceTree = "<group>";
		};
		A8C0E0B922389B9900C0FE87 /* 2. Reverse Integer */ = {
			isa = PBXGroup;
			children = (
				A8C0E0BA22389BBF00C0FE87 /* ReverseInteger.swift */,
			);
			path = "2. Reverse Integer";
			sourceTree = "<group>";
		};
		B2C19C74223DEBDC00074B15 /* 6. Valid Parentheses */ = {
			isa = PBXGroup;
			children = (
				B2C19C75223DEBF500074B15 /* ValidParentheses.swift */,
			);
			path = "6. Valid Parentheses";
			sourceTree = "<group>";
		};
/* End PBXGroup section */

/* Begin PBXNativeTarget section */
		A8A215262237509900C02BC5 /* AlgorithmSwift */ = {
			isa = PBXNativeTarget;
			buildConfigurationList = A8A2152E2237509900C02BC5 /* Build configuration list for PBXNativeTarget "AlgorithmSwift" */;
			buildPhases = (
				A8A215232237509900C02BC5 /* Sources */,
				A8A215242237509900C02BC5 /* Frameworks */,
				A8A215252237509900C02BC5 /* CopyFiles */,
			);
			buildRules = (
			);
			dependencies = (
			);
			name = AlgorithmSwift;
			productName = AlgorithmSwift;
			productReference = A8A215272237509900C02BC5 /* AlgorithmSwift */;
			productType = "com.apple.product-type.tool";
		};
/* End PBXNativeTarget section */

/* Begin PBXProject section */
		A8A2151F2237509900C02BC5 /* Project object */ = {
			isa = PBXProject;
			attributes = {
				LastSwiftUpdateCheck = 1000;
				LastUpgradeCheck = 1000;
				ORGANIZATIONNAME = J0hnnny;
				TargetAttributes = {
					A8A215262237509900C02BC5 = {
						CreatedOnToolsVersion = 10.0;
					};
				};
			};
			buildConfigurationList = A8A215222237509900C02BC5 /* Build configuration list for PBXProject "AlgorithmSwift" */;
			compatibilityVersion = "Xcode 9.3";
			developmentRegion = en;
			hasScannedForEncodings = 0;
			knownRegions = (
				en,
			);
			mainGroup = A8A2151E2237509900C02BC5;
			productRefGroup = A8A215282237509900C02BC5 /* Products */;
			projectDirPath = "";
			projectRoot = "";
			targets = (
				A8A215262237509900C02BC5 /* AlgorithmSwift */,
			);
		};
/* End PBXProject section */

/* Begin PBXSourcesBuildPhase section */
		A8A215232237509900C02BC5 /* Sources */ = {
			isa = PBXSourcesBuildPhase;
			buildActionMask = 2147483647;
			files = (
				A88C600E22429549006D1E4F /* SearchInsertPosition.swift in Sources */,
				A8A215332237522100C02BC5 /* TwoSum.swift in Sources */,
				A833491B2249D39B00A59A2A /* SameTree.swift in Sources */,
				A823A2C0223CC5CB00B67A08 /* LongestCommonPrefix.swift in Sources */,
				A89D07DA224082160094EFA3 /* RemoveElement.swift in Sources */,
				A8BEA7572239EADA00E2F990 /* PalindromeNumber.swift in Sources */,
				A82738162251AB4B00518882 /* ClimbingStairs.swift in Sources */,
				A8A2152B2237509900C02BC5 /* main.swift in Sources */,
				A8334921224B7D7200A59A2A /* SymmetricTree.swift in Sources */,
				A82170B5224CCC2D00202764 /* MaximumDepthOfBinaryTree.swift in Sources */,
				A8C0E0BB22389BBF00C0FE87 /* ReverseInteger.swift in Sources */,
				A833490522462E7600A59A2A /* RemoveDuplicatesFromSortedList.swift in Sources */,
				A823A201223B40BD00B67A08 /* RomanToInteger.swift in Sources */,
				A83349082247107500A59A2A /* MergeSortedArray.swift in Sources */,
				A823A2C3223F321700B67A08 /* MergeTwoSortedLists.swift in Sources */,
				B2C19C76223DEBF500074B15 /* ValidParentheses.swift in Sources */,
				A833491F224B188400A59A2A /* Sort.swift in Sources */,
				A881CD3A2241D61E00A3225B /* ImplementStrStr.swift in Sources */,
				A88C601522439687006D1E4F /*  LengthofLastWord.swift in Sources */,
				A895E93A22545FF500920620 /* LinkedListCycle.swift in Sources */,
				A81610E9225306CF00F68869 /* BinaryTreeLevelOrderTraversal.swift in Sources */,
			);
			runOnlyForDeploymentPostprocessing = 0;
		};
/* End PBXSourcesBuildPhase section */

/* Begin XCBuildConfiguration section */
		A8A2152C2237509900C02BC5 /* Debug */ = {
			isa = XCBuildConfiguration;
			buildSettings = {
				ALWAYS_SEARCH_USER_PATHS = NO;
				CLANG_ANALYZER_NONNULL = YES;
				CLANG_ANALYZER_NUMBER_OBJECT_CONVERSION = YES_AGGRESSIVE;
				CLANG_CXX_LANGUAGE_STANDARD = "gnu++14";
				CLANG_CXX_LIBRARY = "libc++";
				CLANG_ENABLE_MODULES = YES;
				CLANG_ENABLE_OBJC_ARC = YES;
				CLANG_ENABLE_OBJC_WEAK = YES;
				CLANG_WARN_BLOCK_CAPTURE_AUTORELEASING = YES;
				CLANG_WARN_BOOL_CONVERSION = YES;
				CLANG_WARN_COMMA = YES;
				CLANG_WARN_CONSTANT_CONVERSION = YES;
				CLANG_WARN_DEPRECATED_OBJC_IMPLEMENTATIONS = YES;
				CLANG_WARN_DIRECT_OBJC_ISA_USAGE = YES_ERROR;
				CLANG_WARN_DOCUMENTATION_COMMENTS = YES;
				CLANG_WARN_EMPTY_BODY = YES;
				CLANG_WARN_ENUM_CONVERSION = YES;
				CLANG_WARN_INFINITE_RECURSION = YES;
				CLANG_WARN_INT_CONVERSION = YES;
				CLANG_WARN_NON_LITERAL_NULL_CONVERSION = YES;
				CLANG_WARN_OBJC_IMPLICIT_RETAIN_SELF = YES;
				CLANG_WARN_OBJC_LITERAL_CONVERSION = YES;
				CLANG_WARN_OBJC_ROOT_CLASS = YES_ERROR;
				CLANG_WARN_RANGE_LOOP_ANALYSIS = YES;
				CLANG_WARN_STRICT_PROTOTYPES = YES;
				CLANG_WARN_SUSPICIOUS_MOVE = YES;
				CLANG_WARN_UNGUARDED_AVAILABILITY = YES_AGGRESSIVE;
				CLANG_WARN_UNREACHABLE_CODE = YES;
				CLANG_WARN__DUPLICATE_METHOD_MATCH = YES;
				CODE_SIGN_IDENTITY = "Mac Developer";
				COPY_PHASE_STRIP = NO;
				DEBUG_INFORMATION_FORMAT = dwarf;
				ENABLE_STRICT_OBJC_MSGSEND = YES;
				ENABLE_TESTABILITY = YES;
				GCC_C_LANGUAGE_STANDARD = gnu11;
				GCC_DYNAMIC_NO_PIC = NO;
				GCC_NO_COMMON_BLOCKS = YES;
				GCC_OPTIMIZATION_LEVEL = 0;
				GCC_PREPROCESSOR_DEFINITIONS = (
					"DEBUG=1",
					"$(inherited)",
				);
				GCC_WARN_64_TO_32_BIT_CONVERSION = YES;
				GCC_WARN_ABOUT_RETURN_TYPE = YES_ERROR;
				GCC_WARN_UNDECLARED_SELECTOR = YES;
				GCC_WARN_UNINITIALIZED_AUTOS = YES_AGGRESSIVE;
				GCC_WARN_UNUSED_FUNCTION = YES;
				GCC_WARN_UNUSED_VARIABLE = YES;
				MACOSX_DEPLOYMENT_TARGET = 10.14;
				MTL_ENABLE_DEBUG_INFO = INCLUDE_SOURCE;
				MTL_FAST_MATH = YES;
				ONLY_ACTIVE_ARCH = YES;
				SDKROOT = macosx;
				SWIFT_ACTIVE_COMPILATION_CONDITIONS = DEBUG;
				SWIFT_OPTIMIZATION_LEVEL = "-Onone";
			};
			name = Debug;
		};
		A8A2152D2237509900C02BC5 /* Release */ = {
			isa = XCBuildConfiguration;
			buildSettings = {
				ALWAYS_SEARCH_USER_PATHS = NO;
				CLANG_ANALYZER_NONNULL = YES;
				CLANG_ANALYZER_NUMBER_OBJECT_CONVERSION = YES_AGGRESSIVE;
				CLANG_CXX_LANGUAGE_STANDARD = "gnu++14";
				CLANG_CXX_LIBRARY = "libc++";
				CLANG_ENABLE_MODULES = YES;
				CLANG_ENABLE_OBJC_ARC = YES;
				CLANG_ENABLE_OBJC_WEAK = YES;
				CLANG_WARN_BLOCK_CAPTURE_AUTORELEASING = YES;
				CLANG_WARN_BOOL_CONVERSION = YES;
				CLANG_WARN_COMMA = YES;
				CLANG_WARN_CONSTANT_CONVERSION = YES;
				CLANG_WARN_DEPRECATED_OBJC_IMPLEMENTATIONS = YES;
				CLANG_WARN_DIRECT_OBJC_ISA_USAGE = YES_ERROR;
				CLANG_WARN_DOCUMENTATION_COMMENTS = YES;
				CLANG_WARN_EMPTY_BODY = YES;
				CLANG_WARN_ENUM_CONVERSION = YES;
				CLANG_WARN_INFINITE_RECURSION = YES;
				CLANG_WARN_INT_CONVERSION = YES;
				CLANG_WARN_NON_LITERAL_NULL_CONVERSION = YES;
				CLANG_WARN_OBJC_IMPLICIT_RETAIN_SELF = YES;
				CLANG_WARN_OBJC_LITERAL_CONVERSION = YES;
				CLANG_WARN_OBJC_ROOT_CLASS = YES_ERROR;
				CLANG_WARN_RANGE_LOOP_ANALYSIS = YES;
				CLANG_WARN_STRICT_PROTOTYPES = YES;
				CLANG_WARN_SUSPICIOUS_MOVE = YES;
				CLANG_WARN_UNGUARDED_AVAILABILITY = YES_AGGRESSIVE;
				CLANG_WARN_UNREACHABLE_CODE = YES;
				CLANG_WARN__DUPLICATE_METHOD_MATCH = YES;
				CODE_SIGN_IDENTITY = "Mac Developer";
				COPY_PHASE_STRIP = NO;
				DEBUG_INFORMATION_FORMAT = "dwarf-with-dsym";
				ENABLE_NS_ASSERTIONS = NO;
				ENABLE_STRICT_OBJC_MSGSEND = YES;
				GCC_C_LANGUAGE_STANDARD = gnu11;
				GCC_NO_COMMON_BLOCKS = YES;
				GCC_WARN_64_TO_32_BIT_CONVERSION = YES;
				GCC_WARN_ABOUT_RETURN_TYPE = YES_ERROR;
				GCC_WARN_UNDECLARED_SELECTOR = YES;
				GCC_WARN_UNINITIALIZED_AUTOS = YES_AGGRESSIVE;
				GCC_WARN_UNUSED_FUNCTION = YES;
				GCC_WARN_UNUSED_VARIABLE = YES;
				MACOSX_DEPLOYMENT_TARGET = 10.14;
				MTL_ENABLE_DEBUG_INFO = NO;
				MTL_FAST_MATH = YES;
				SDKROOT = macosx;
				SWIFT_COMPILATION_MODE = wholemodule;
				SWIFT_OPTIMIZATION_LEVEL = "-O";
			};
			name = Release;
		};
		A8A2152F2237509900C02BC5 /* Debug */ = {
			isa = XCBuildConfiguration;
			buildSettings = {
				CODE_SIGN_STYLE = Automatic;
				DEVELOPMENT_TEAM = 68MBG4HJ8F;
				MACOSX_DEPLOYMENT_TARGET = 10.10;
				PRODUCT_NAME = "$(TARGET_NAME)";
				SWIFT_VERSION = 4.2;
			};
			name = Debug;
		};
		A8A215302237509900C02BC5 /* Release */ = {
			isa = XCBuildConfiguration;
			buildSettings = {
				CODE_SIGN_STYLE = Automatic;
				DEVELOPMENT_TEAM = 68MBG4HJ8F;
				MACOSX_DEPLOYMENT_TARGET = 10.10;
				PRODUCT_NAME = "$(TARGET_NAME)";
				SWIFT_VERSION = 4.2;
			};
			name = Release;
		};
/* End XCBuildConfiguration section */

/* Begin XCConfigurationList section */
		A8A215222237509900C02BC5 /* Build configuration list for PBXProject "AlgorithmSwift" */ = {
			isa = XCConfigurationList;
			buildConfigurations = (
				A8A2152C2237509900C02BC5 /* Debug */,
				A8A2152D2237509900C02BC5 /* Release */,
			);
			defaultConfigurationIsVisible = 0;
			defaultConfigurationName = Release;
		};
		A8A2152E2237509900C02BC5 /* Build configuration list for PBXNativeTarget "AlgorithmSwift" */ = {
			isa = XCConfigurationList;
			buildConfigurations = (
				A8A2152F2237509900C02BC5 /* Debug */,
				A8A215302237509900C02BC5 /* Release */,
			);
			defaultConfigurationIsVisible = 0;
			defaultConfigurationName = Release;
		};
/* End XCConfigurationList section */
	};
	rootObject = A8A2151F2237509900C02BC5 /* Project object */;
}
